
Microsoft Visual Studio Solution File, Format Version 12.00
# Visual Studio 15
VisualStudioVersion = 15.0.27703.2035
MinimumVisualStudioVersion = 10.0.40219.1
Project("{8BC9CEB8-8B4A-11D0-8D11-00A0C91BC942}") = "ClothProject", "ClothProject\ClothProject.vcxproj", "{EAC93906-4637-43A5-A8A9-A3EF2922EF31}"
EndProject
Global
	GlobalSection(SolutionConfigurationPlatforms) = preSolution
		Debug|x64 = Debug|x64
		Debug|x86 = Debug|x86
		Release|x64 = Release|x64
		Release|x86 = Release|x86
	EndGlobalSection
	GlobalSection(ProjectConfigurationPlatforms) = postSolution
		{EAC93906-4637-43A5-A8A9-A3EF2922EF31}.Debug|x64.ActiveCfg = Debug|x64
		{EAC93906-4637-43A5-A8A9-A3EF2922EF31}.Debug|x64.Build.0 = Debug|x64
		{EAC93906-4637-43A5-A8A9-A3EF2922EF31}.Debug|x86.ActiveCfg = Debug|Win32
		{EAC93906-4637-43A5-A8A9-A3EF2922EF31}.Debug|x86.Build.0 = Debug|Win32
		{EAC93906-4637-43A5-A8A9-A3EF2922EF31}.Release|x64.ActiveCfg = Release|x64
		{EAC93906-4637-43A5-A8A9-A3EF2922EF31}.Release|x64.Build.0 = Release|x64
		{EAC93906-4637-43A5-A8A9-A3EF2922EF31}.Release|x86.ActiveCfg = Release|Win32
		{EAC93906-4637-43A5-A8A9-A3EF2922EF31}.Release|x86.Build.0 = Release|Win32
	EndGlobalSection
	GlobalSection(SolutionProperties) = preSolution
		HideSolutionNode = FALSE
	EndGlobalSection
	GlobalSection(ExtensibilityGlobals) = postSolution
		SolutionGuid = {00988279-654F-44D2-A02D-DD8BA5B61951}
	EndGlobalSection
EndGlobal
