<?xml version="1.0" encoding="utf-8"?>
<Project ToolsVersion="4.0" xmlns="http://schemas.microsoft.com/developer/msbuild/2003">
  <ItemGroup>
    <Filter Include="Source Files">
      <UniqueIdentifier>{4FC737F1-C7A5-4376-A066-2A32D752A2FF}</UniqueIdentifier>
      <Extensions>cpp;c;cc;cxx;def;odl;idl;hpj;bat;asm;asmx</Extensions>
    </Filter>
    <Filter Include="Header Files">
      <UniqueIdentifier>{93995380-89BD-4b04-88EB-625FBE52EBFB}</UniqueIdentifier>
      <Extensions>h;hh;hpp;hxx;hm;inl;inc;ipp;xsd</Extensions>
    </Filter>
    <Filter Include="Resource Files">
      <UniqueIdentifier>{67DA6AB6-F800-4c08-8B7A-83BB121AAD01}</UniqueIdentifier>
      <Extensions>rc;ico;cur;bmp;dlg;rc2;rct;bin;rgs;gif;jpg;jpeg;jpe;resx;tiff;tif;png;wav;mfcribbon-ms</Extensions>
    </Filter>
    <Filter Include="Header Files\Framework">
      <UniqueIdentifier>{6ad533a4-3bdf-424d-b3a3-b094df987896}</UniqueIdentifier>
    </Filter>
    <Filter Include="Source Files\Framework">
      <UniqueIdentifier>{153ece22-2c2e-4c90-a5a4-8b7555206a75}</UniqueIdentifier>
    </Filter>
    <Filter Include="Header Files\ClothProject">
      <UniqueIdentifier>{b74d140d-bb29-41d2-b538-f79a15c17547}</UniqueIdentifier>
    </Filter>
    <Filter Include="Source Files\ClothProject">
      <UniqueIdentifier>{21738aee-fa68-4655-9d49-7eb036414a63}</UniqueIdentifier>
    </Filter>
  </ItemGroup>
  <ItemGroup>
    <ClCompile Include="assetloader.cpp">
      <Filter>Source Files\Framework</Filter>
    </ClCompile>
    <ClCompile Include="audiomanager.cpp">
      <Filter>Source Files\Framework</Filter>
    </ClCompile>
    <ClCompile Include="camera.cpp">
      <Filter>Source Files\Framework</Filter>
    </ClCompile>
    <ClCompile Include="clock.cpp">
      <Filter>Source Files\Framework</Filter>
    </ClCompile>
    <ClCompile Include="cubemap.cpp">
      <Filter>Source Files\Framework</Filter>
    </ClCompile>
    <ClCompile Include="game.cpp">
      <Filter>Source Files\Framework</Filter>
    </ClCompile>
    <ClCompile Include="gameobject.cpp">
      <Filter>Source Files\Framework</Filter>
    </ClCompile>
    <ClCompile Include="inputmanager.cpp">
      <Filter>Source Files\Framework</Filter>
    </ClCompile>
    <ClCompile Include="level.cpp">
      <Filter>Source Files\Framework</Filter>
    </ClCompile>
    <ClCompile Include="mesh.cpp">
      <Filter>Source Files\Framework</Filter>
    </ClCompile>
    <ClCompile Include="shaderloader.cpp">
      <Filter>Source Files\Framework</Filter>
    </ClCompile>
    <ClCompile Include="sprite.cpp">
      <Filter>Source Files\Framework</Filter>
    </ClCompile>
    <ClCompile Include="texter.cpp">
      <Filter>Source Files\Framework</Filter>
    </ClCompile>
    <ClCompile Include="cube.cpp">
      <Filter>Source Files\ClothProject</Filter>
    </ClCompile>
    <ClCompile Include="graphicslevel.cpp">
      <Filter>Source Files\ClothProject</Filter>
    </ClCompile>
    <ClCompile Include="main.cpp">
      <Filter>Source Files\ClothProject</Filter>
    </ClCompile>
    <ClCompile Include="mousepicker.cpp">
      <Filter>Source Files\ClothProject</Filter>
    </ClCompile>
    <ClCompile Include="terrain.cpp">
      <Filter>Source Files\ClothProject</Filter>
    </ClCompile>
    <ClCompile Include="grass.cpp">
      <Filter>Source Files\ClothProject</Filter>
    </ClCompile>
    <ClCompile Include="screenquad.cpp">
      <Filter>Source Files\ClothProject</Filter>
    </ClCompile>
    <ClCompile Include="physicsmanager.cpp">
      <Filter>Source Files</Filter>
    </ClCompile>
  </ItemGroup>
  <ItemGroup>
    <ClInclude Include="assetloader.h">
      <Filter>Header Files\Framework</Filter>
    </ClInclude>
    <ClInclude Include="audiomanager.h">
      <Filter>Header Files\Framework</Filter>
    </ClInclude>
    <ClInclude Include="camera.h">
      <Filter>Header Files\Framework</Filter>
    </ClInclude>
    <ClInclude Include="clock.h">
      <Filter>Header Files\Framework</Filter>
    </ClInclude>
    <ClInclude Include="cubemap.h">
      <Filter>Header Files\Framework</Filter>
    </ClInclude>
    <ClInclude Include="game.h">
      <Filter>Header Files\Framework</Filter>
    </ClInclude>
    <ClInclude Include="gameobject.h">
      <Filter>Header Files\Framework</Filter>
    </ClInclude>
    <ClInclude Include="inputmanager.h">
      <Filter>Header Files\Framework</Filter>
    </ClInclude>
    <ClInclude Include="level.h">
      <Filter>Header Files\Framework</Filter>
    </ClInclude>
    <ClInclude Include="mesh.h">
      <Filter>Header Files\Framework</Filter>
    </ClInclude>
    <ClInclude Include="meshsphere.h">
      <Filter>Header Files\Framework</Filter>
    </ClInclude>
    <ClInclude Include="model.h">
      <Filter>Header Files\Framework</Filter>
    </ClInclude>
    <ClInclude Include="modelmesh.h">
      <Filter>Header Files\Framework</Filter>
    </ClInclude>
    <ClInclude Include="shaderloader.h">
      <Filter>Header Files\Framework</Filter>
    </ClInclude>
    <ClInclude Include="sprite.h">
      <Filter>Header Files\Framework</Filter>
    </ClInclude>
    <ClInclude Include="texter.h">
      <Filter>Header Files\Framework</Filter>
    </ClInclude>
    <ClInclude Include="utils.h">
      <Filter>Header Files\Framework</Filter>
    </ClInclude>
    <ClInclude Include="graphicslevel.h">
      <Filter>Header Files\ClothProject</Filter>
    </ClInclude>
    <ClInclude Include="cube.h">
      <Filter>Header Files\ClothProject</Filter>
    </ClInclude>
    <ClInclude Include="mousepicker.h">
      <Filter>Header Files\ClothProject</Filter>
    </ClInclude>
    <ClInclude Include="terrain.h">
      <Filter>Header Files\ClothProject</Filter>
    </ClInclude>
    <ClInclude Include="screenquad.h">
      <Filter>Header Files\ClothProject</Filter>
    </ClInclude>
    <ClInclude Include="grass.h">
      <Filter>Header Files\ClothProject</Filter>
    </ClInclude>
    <ClInclude Include="physicsmanager.h">
      <Filter>Header Files\ClothProject</Filter>
    </ClInclude>
  </ItemGroup>
</Project>